
Microsoft Visual Studio Solution File, Format Version 12.00
# Visual Studio Version 17
VisualStudioVersion = 17.6.33829.357
MinimumVisualStudioVersion = 10.0.40219.1
Project("{FAE04EC0-301F-11D3-BF4B-00C04F79EFBC}") = "isletim_sistemleri", "isletim_sistemleri\isletim_sistemleri.csproj", "{B9A2FD3F-480C-4271-8BAA-7B3B6FDC7F60}"
EndProject
Global
	GlobalSection(SolutionConfigurationPlatforms) = preSolution
		Debug|Any CPU = Debug|Any CPU
		Release|Any CPU = Release|Any CPU
	EndGlobalSection
	GlobalSection(ProjectConfigurationPlatforms) = postSolution
		{B9A2FD3F-480C-4271-8BAA-7B3B6FDC7F60}.Debug|Any CPU.ActiveCfg = Debug|Any CPU
		{B9A2FD3F-480C-4271-8BAA-7B3B6FDC7F60}.Debug|Any CPU.Build.0 = Debug|Any CPU
		{B9A2FD3F-480C-4271-8BAA-7B3B6FDC7F60}.Release|Any CPU.ActiveCfg = Release|Any CPU
		{B9A2FD3F-480C-4271-8BAA-7B3B6FDC7F60}.Release|Any CPU.Build.0 = Release|Any CPU
	EndGlobalSection
	GlobalSection(SolutionProperties) = preSolution
		HideSolutionNode = FALSE
	EndGlobalSection
	GlobalSection(ExtensibilityGlobals) = postSolution
		SolutionGuid = {25B9929F-0CA1-496B-8F37-04D27076B7FF}
	EndGlobalSection
EndGlobal
